
Microsoft Visual Studio Solution File, Format Version 12.00
# Visual Studio Version 16
VisualStudioVersion = 16.0.29215.179
MinimumVisualStudioVersion = 10.0.40219.1
Project("{FAE04EC0-301F-11D3-BF4B-00C04F79EFBC}") = "ClassLibrary7", "ClassLibrary7\ClassLibrary7.csproj", "{E63D7088-87F3-49D2-8088-2F12AE0129BF}"
EndProject
Global
	GlobalSection(SolutionConfigurationPlatforms) = preSolution
		Debug|Any CPU = Debug|Any CPU
		Release|Any CPU = Release|Any CPU
	EndGlobalSection
	GlobalSection(ProjectConfigurationPlatforms) = postSolution
		{E63D7088-87F3-49D2-8088-2F12AE0129BF}.Debug|Any CPU.ActiveCfg = Debug|Any CPU
		{E63D7088-87F3-49D2-8088-2F12AE0129BF}.Debug|Any CPU.Build.0 = Debug|Any CPU
		{E63D7088-87F3-49D2-8088-2F12AE0129BF}.Release|Any CPU.ActiveCfg = Release|Any CPU
		{E63D7088-87F3-49D2-8088-2F12AE0129BF}.Release|Any CPU.Build.0 = Release|Any CPU
	EndGlobalSection
	GlobalSection(SolutionProperties) = preSolution
		HideSolutionNode = FALSE
	EndGlobalSection
	GlobalSection(ExtensibilityGlobals) = postSolution
		SolutionGuid = {129BD804-C693-4EBD-9544-ABE1462B0B05}
	EndGlobalSection
EndGlobal
